
Microsoft Visual Studio Solution File, Format Version 12.00
# Visual Studio Version 17
VisualStudioVersion = 17.7.34031.279
MinimumVisualStudioVersion = 10.0.40219.1
Project("{9A19103F-16F7-4668-BE54-9A1E7A4F7556}") = "Stage0", "Stage0\Stage0.csproj", "{8C8B92B7-1CB8-4023-A2DC-5C735D32D64C}"
EndProject
Project("{2150E333-8FDC-42A3-9474-1A3956D46DE8}") = "Solution Items", "Solution Items", "{700E5545-DDD1-4485-BB82-0F6D3875F346}"
	ProjectSection(SolutionItems) = preProject
		..\README.md = ..\README.md
	EndProjectSection
EndProject
Project("{9A19103F-16F7-4668-BE54-9A1E7A4F7556}") = "DalFacade", "DalFacade\DalFacade.csproj", "{A87BE89A-B0B6-4E63-AD94-D8CD7AE505E3}"
EndProject
Project("{9A19103F-16F7-4668-BE54-9A1E7A4F7556}") = "DalList", "DalList\DalList.csproj", "{58D9CA9B-17FD-4CBE-B52E-276B084EB864}"
EndProject
Project("{9A19103F-16F7-4668-BE54-9A1E7A4F7556}") = "DalTest", "DalTest\DalTest.csproj", "{51E70647-1540-4706-9157-6574BAB59D2D}"
EndProject
Project("{9A19103F-16F7-4668-BE54-9A1E7A4F7556}") = "DalXml", "DalXml\DalXml.csproj", "{C2F75928-31F1-42D5-AA06-BEF47D9AD822}"
EndProject
Project("{2150E333-8FDC-42A3-9474-1A3956D46DE8}") = "xml", "xml", "{15816DE8-FDB6-4469-953F-4035E744B341}"
	ProjectSection(SolutionItems) = preProject
		xml\dal-config.xml = xml\dal-config.xml
		xml\data-config.xml = xml\data-config.xml
		xml\dependencies.xml = xml\dependencies.xml
		xml\engineers.xml = xml\engineers.xml
		xml\tasks.xml = xml\tasks.xml
	EndProjectSection
EndProject
Project("{9A19103F-16F7-4668-BE54-9A1E7A4F7556}") = "BL", "BL\BL.csproj", "{5BB70731-3C60-4831-8BE3-28D98C1B6C7D}"
EndProject
Project("{9A19103F-16F7-4668-BE54-9A1E7A4F7556}") = "BlTest", "BlTest\BlTest.csproj", "{B53F674D-CD98-4067-900C-49B6F6EB3D74}"
EndProject
Project("{FAE04EC0-301F-11D3-BF4B-00C04F79EFBC}") = "PL", "PL\PL.csproj", "{B7EBD2EC-A1D1-44D2-9C73-52EAFCB5F4ED}"
EndProject
Global
	GlobalSection(SolutionConfigurationPlatforms) = preSolution
		Debug|Any CPU = Debug|Any CPU
		Release|Any CPU = Release|Any CPU
	EndGlobalSection
	GlobalSection(ProjectConfigurationPlatforms) = postSolution
		{8C8B92B7-1CB8-4023-A2DC-5C735D32D64C}.Debug|Any CPU.ActiveCfg = Debug|Any CPU
		{8C8B92B7-1CB8-4023-A2DC-5C735D32D64C}.Debug|Any CPU.Build.0 = Debug|Any CPU
		{8C8B92B7-1CB8-4023-A2DC-5C735D32D64C}.Release|Any CPU.ActiveCfg = Release|Any CPU
		{8C8B92B7-1CB8-4023-A2DC-5C735D32D64C}.Release|Any CPU.Build.0 = Release|Any CPU
		{A87BE89A-B0B6-4E63-AD94-D8CD7AE505E3}.Debug|Any CPU.ActiveCfg = Debug|Any CPU
		{A87BE89A-B0B6-4E63-AD94-D8CD7AE505E3}.Debug|Any CPU.Build.0 = Debug|Any CPU
		{A87BE89A-B0B6-4E63-AD94-D8CD7AE505E3}.Release|Any CPU.ActiveCfg = Release|Any CPU
		{A87BE89A-B0B6-4E63-AD94-D8CD7AE505E3}.Release|Any CPU.Build.0 = Release|Any CPU
		{58D9CA9B-17FD-4CBE-B52E-276B084EB864}.Debug|Any CPU.ActiveCfg = Debug|Any CPU
		{58D9CA9B-17FD-4CBE-B52E-276B084EB864}.Debug|Any CPU.Build.0 = Debug|Any CPU
		{58D9CA9B-17FD-4CBE-B52E-276B084EB864}.Release|Any CPU.ActiveCfg = Release|Any CPU
		{58D9CA9B-17FD-4CBE-B52E-276B084EB864}.Release|Any CPU.Build.0 = Release|Any CPU
		{51E70647-1540-4706-9157-6574BAB59D2D}.Debug|Any CPU.ActiveCfg = Debug|Any CPU
		{51E70647-1540-4706-9157-6574BAB59D2D}.Debug|Any CPU.Build.0 = Debug|Any CPU
		{51E70647-1540-4706-9157-6574BAB59D2D}.Release|Any CPU.ActiveCfg = Release|Any CPU
		{51E70647-1540-4706-9157-6574BAB59D2D}.Release|Any CPU.Build.0 = Release|Any CPU
		{C2F75928-31F1-42D5-AA06-BEF47D9AD822}.Debug|Any CPU.ActiveCfg = Debug|Any CPU
		{C2F75928-31F1-42D5-AA06-BEF47D9AD822}.Debug|Any CPU.Build.0 = Debug|Any CPU
		{C2F75928-31F1-42D5-AA06-BEF47D9AD822}.Release|Any CPU.ActiveCfg = Release|Any CPU
		{C2F75928-31F1-42D5-AA06-BEF47D9AD822}.Release|Any CPU.Build.0 = Release|Any CPU
		{5BB70731-3C60-4831-8BE3-28D98C1B6C7D}.Debug|Any CPU.ActiveCfg = Debug|Any CPU
		{5BB70731-3C60-4831-8BE3-28D98C1B6C7D}.Debug|Any CPU.Build.0 = Debug|Any CPU
		{5BB70731-3C60-4831-8BE3-28D98C1B6C7D}.Release|Any CPU.ActiveCfg = Release|Any CPU
		{5BB70731-3C60-4831-8BE3-28D98C1B6C7D}.Release|Any CPU.Build.0 = Release|Any CPU
		{B53F674D-CD98-4067-900C-49B6F6EB3D74}.Debug|Any CPU.ActiveCfg = Debug|Any CPU
		{B53F674D-CD98-4067-900C-49B6F6EB3D74}.Debug|Any CPU.Build.0 = Debug|Any CPU
		{B53F674D-CD98-4067-900C-49B6F6EB3D74}.Release|Any CPU.ActiveCfg = Release|Any CPU
		{B53F674D-CD98-4067-900C-49B6F6EB3D74}.Release|Any CPU.Build.0 = Release|Any CPU
		{B7EBD2EC-A1D1-44D2-9C73-52EAFCB5F4ED}.Debug|Any CPU.ActiveCfg = Debug|Any CPU
		{B7EBD2EC-A1D1-44D2-9C73-52EAFCB5F4ED}.Debug|Any CPU.Build.0 = Debug|Any CPU
		{B7EBD2EC-A1D1-44D2-9C73-52EAFCB5F4ED}.Release|Any CPU.ActiveCfg = Release|Any CPU
		{B7EBD2EC-A1D1-44D2-9C73-52EAFCB5F4ED}.Release|Any CPU.Build.0 = Release|Any CPU
	EndGlobalSection
	GlobalSection(SolutionProperties) = preSolution
		HideSolutionNode = FALSE
	EndGlobalSection
	GlobalSection(ExtensibilityGlobals) = postSolution
		SolutionGuid = {F9D63EE2-4417-4C90-AE3F-68703252CDE1}
	EndGlobalSection
EndGlobal
